// !$*UTF8*$!
{
	archiveVersion = 1;
	classes = {
	};
	objectVersion = 48;
	objects = {

/* Begin PBXBuildFile section */
		109D2F6B61A4F7CF5DE63C76 /* Pods_Dark.framework in Frameworks */ = {isa = PBXBuildFile; fileRef = 3A9BE61B80D3F7F78988403F /* Pods_Dark.framework */; };
		2CBC4B3F5800F24108066E61 /* Pods_DarkUITests.framework in Frameworks */ = {isa = PBXBuildFile; fileRef = 3ABD91A41AB50185A5AD1512 /* Pods_DarkUITests.framework */; };
		6C097373CB6E6C7816CFEDF0 /* Pods_DarkTests.framework in Frameworks */ = {isa = PBXBuildFile; fileRef = 3847BC77D3F154C87666D1F3 /* Pods_DarkTests.framework */; };
		ED111C2B1F8E7AE3004AF0AB /* SegueAnimation.swift in Sources */ = {isa = PBXBuildFile; fileRef = ED111C2A1F8E7AE3004AF0AB /* SegueAnimation.swift */; };
		ED111C2D1F8EA690004AF0AB /* GlobalMethods.swift in Sources */ = {isa = PBXBuildFile; fileRef = ED111C2C1F8EA690004AF0AB /* GlobalMethods.swift */; };
		ED1739161F9A622B00053332 /* CustomSwitch.swift in Sources */ = {isa = PBXBuildFile; fileRef = ED1739151F9A622B00053332 /* CustomSwitch.swift */; };
		ED1739181F9A6B5200053332 /* GMColor.swift in Sources */ = {isa = PBXBuildFile; fileRef = ED1739171F9A6B5200053332 /* GMColor.swift */; };
		ED2258B31F8B4DAF00C1BCD6 /* Constants.swift in Sources */ = {isa = PBXBuildFile; fileRef = ED2258B21F8B4DAF00C1BCD6 /* Constants.swift */; };
		ED3A924A1FB83BC00094ABCB /* LoginOrSignUpEmail.swift in Sources */ = {isa = PBXBuildFile; fileRef = ED3A92491FB83BC00094ABCB /* LoginOrSignUpEmail.swift */; };
		ED3A924C1FB83C520094ABCB /* LoginUsingFacebook.swift in Sources */ = {isa = PBXBuildFile; fileRef = ED3A924B1FB83C520094ABCB /* LoginUsingFacebook.swift */; };
		ED3A924E1FB83C600094ABCB /* LoginUsingTwitter.swift in Sources */ = {isa = PBXBuildFile; fileRef = ED3A924D1FB83C600094ABCB /* LoginUsingTwitter.swift */; };
		ED3A92501FB83C6D0094ABCB /* LoginUsingGoogle.swift in Sources */ = {isa = PBXBuildFile; fileRef = ED3A924F1FB83C6D0094ABCB /* LoginUsingGoogle.swift */; };
		ED3A92531FB83F180094ABCB /* KeyChainManagement.swift in Sources */ = {isa = PBXBuildFile; fileRef = ED3A92521FB83F180094ABCB /* KeyChainManagement.swift */; };
		ED3A92551FB8432E0094ABCB /* UserProfile.swift in Sources */ = {isa = PBXBuildFile; fileRef = ED3A92541FB8432E0094ABCB /* UserProfile.swift */; };
		ED3A92571FB848220094ABCB /* UserWithCr.swift in Sources */ = {isa = PBXBuildFile; fileRef = ED3A92561FB848220094ABCB /* UserWithCr.swift */; };
		ED3A92591FB85D400094ABCB /* User.swift in Sources */ = {isa = PBXBuildFile; fileRef = ED3A92581FB85D400094ABCB /* User.swift */; };
		ED45FD031F86780C00747C07 /* AppDelegate.swift in Sources */ = {isa = PBXBuildFile; fileRef = ED45FD021F86780C00747C07 /* AppDelegate.swift */; };
		ED45FD051F86780C00747C07 /* SignUp.swift in Sources */ = {isa = PBXBuildFile; fileRef = ED45FD041F86780C00747C07 /* SignUp.swift */; };
		ED45FD081F86780C00747C07 /* Main.storyboard in Resources */ = {isa = PBXBuildFile; fileRef = ED45FD061F86780C00747C07 /* Main.storyboard */; };
		ED45FD0A1F86780C00747C07 /* Assets.xcassets in Resources */ = {isa = PBXBuildFile; fileRef = ED45FD091F86780C00747C07 /* Assets.xcassets */; };
		ED45FD0D1F86780C00747C07 /* LaunchScreen.storyboard in Resources */ = {isa = PBXBuildFile; fileRef = ED45FD0B1F86780C00747C07 /* LaunchScreen.storyboard */; };
		ED45FD181F86780C00747C07 /* DarkTests.swift in Sources */ = {isa = PBXBuildFile; fileRef = ED45FD171F86780C00747C07 /* DarkTests.swift */; };
		ED45FD231F86780C00747C07 /* DarkUITests.swift in Sources */ = {isa = PBXBuildFile; fileRef = ED45FD221F86780C00747C07 /* DarkUITests.swift */; };
		ED69B0BF1F888E61003B25A1 /* PageViewController.swift in Sources */ = {isa = PBXBuildFile; fileRef = ED69B0BE1F888E61003B25A1 /* PageViewController.swift */; };
		ED69B0C11F88919F003B25A1 /* ConversationVC.swift in Sources */ = {isa = PBXBuildFile; fileRef = ED69B0C01F88919F003B25A1 /* ConversationVC.swift */; };
		ED7350CC1FA1CA76002E3BDB /* DARKImagePickerViewController.swift in Sources */ = {isa = PBXBuildFile; fileRef = ED7350CB1FA1CA76002E3BDB /* DARKImagePickerViewController.swift */; };
		ED7DE6771F8E23050060DE2B /* GradientView.swift in Sources */ = {isa = PBXBuildFile; fileRef = ED7DE6751F8E23050060DE2B /* GradientView.swift */; };
		ED7DE6781F8E23050060DE2B /* UILabelX.swift in Sources */ = {isa = PBXBuildFile; fileRef = ED7DE6761F8E23050060DE2B /* UILabelX.swift */; };
		ED7DE67A1F8E3B1B0060DE2B /* fontawesome-webfont.ttf in Resources */ = {isa = PBXBuildFile; fileRef = ED7DE6791F8E3AD30060DE2B /* fontawesome-webfont.ttf */; };
		ED8904831FA3263400520D48 /* myLocation.gpx in Resources */ = {isa = PBXBuildFile; fileRef = ED8904821FA3263400520D48 /* myLocation.gpx */; };
		ED8E7A9C1F97C98800395D0A /* APIManager.swift in Sources */ = {isa = PBXBuildFile; fileRef = ED8E7A9B1F97C98800395D0A /* APIManager.swift */; };
		EDA26D2B1FB8A6460040F840 /* UserToken.swift in Sources */ = {isa = PBXBuildFile; fileRef = EDA26D2A1FB8A6460040F840 /* UserToken.swift */; };
		EDA26D2E1FB8A9B00040F840 /* LogOut.swift in Sources */ = {isa = PBXBuildFile; fileRef = EDA26D2D1FB8A9B00040F840 /* LogOut.swift */; };
		EDA26D301FB8AAFF0040F840 /* DeleteAccount.swift in Sources */ = {isa = PBXBuildFile; fileRef = EDA26D2F1FB8AAFF0040F840 /* DeleteAccount.swift */; };
		EDA26D321FB8B4490040F840 /* PasswordManager.swift in Sources */ = {isa = PBXBuildFile; fileRef = EDA26D311FB8B4490040F840 /* PasswordManager.swift */; };
		EDA26D351FB8B7FC0040F840 /* Messages.swift in Sources */ = {isa = PBXBuildFile; fileRef = EDA26D341FB8B7FC0040F840 /* Messages.swift */; };
		EDA26D371FB8B84F0040F840 /* Conversation.swift in Sources */ = {isa = PBXBuildFile; fileRef = EDA26D361FB8B84F0040F840 /* Conversation.swift */; };
		EDA26D391FB8BC450040F840 /* MessageStatus.swift in Sources */ = {isa = PBXBuildFile; fileRef = EDA26D381FB8BC450040F840 /* MessageStatus.swift */; };
		EDA2CC891F867FCF0061B07B /* GoogleService-Info.plist in Resources */ = {isa = PBXBuildFile; fileRef = ED5B158E1F867E800061E3EE /* GoogleService-Info.plist */; };
		EDA2CC8B1F869EDB0061B07B /* UserDetailsViewController.swift in Sources */ = {isa = PBXBuildFile; fileRef = EDA2CC8A1F869EDB0061B07B /* UserDetailsViewController.swift */; };
		EDA2CC8E1F86AB730061B07B /* SignIn.swift in Sources */ = {isa = PBXBuildFile; fileRef = EDA2CC8D1F86AB730061B07B /* SignIn.swift */; };
		EDB73C9B1F98B5F50086F1C0 /* UserDataModel.swift in Sources */ = {isa = PBXBuildFile; fileRef = EDB73C9A1F98B5F50086F1C0 /* UserDataModel.swift */; };
		EDB7C2BC1FAC5C230073BB87 /* MapViewController.swift in Sources */ = {isa = PBXBuildFile; fileRef = EDB7C2BB1FAC5C230073BB87 /* MapViewController.swift */; };
		EDB7C2BE1FAC70F00073BB87 /* Mapdata.swift in Sources */ = {isa = PBXBuildFile; fileRef = EDB7C2BD1FAC70F00073BB87 /* Mapdata.swift */; };
		EDB7C2C01FAC73340073BB87 /* UserAnnotation.swift in Sources */ = {isa = PBXBuildFile; fileRef = EDB7C2BF1FAC73340073BB87 /* UserAnnotation.swift */; };
		EDBEB4621FA4AFD200C557C0 /* DARKCoder.swift in Sources */ = {isa = PBXBuildFile; fileRef = EDBEB4611FA4AFD200C557C0 /* DARKCoder.swift */; };
		EDBEB4641FA5067600C557C0 /* SettingsViewController.swift in Sources */ = {isa = PBXBuildFile; fileRef = EDBEB4631FA5067500C557C0 /* SettingsViewController.swift */; };
		EDBFE8361FA59AB8000AC57A /* Enumrations.swift in Sources */ = {isa = PBXBuildFile; fileRef = EDBFE8351FA59AB8000AC57A /* Enumrations.swift */; };
		EDDD1DF91FAF0F7C00799A19 /* ImageCache.swift in Sources */ = {isa = PBXBuildFile; fileRef = EDDD1DF81FAF0F7B00799A19 /* ImageCache.swift */; };
		EDE08DED1FA85979005D56FB /* PopUp.swift in Sources */ = {isa = PBXBuildFile; fileRef = EDE08DEC1FA85979005D56FB /* PopUp.swift */; };
		EDE08DEF1FA90ACF005D56FB /* ShadowView.swift in Sources */ = {isa = PBXBuildFile; fileRef = EDE08DEE1FA90ACF005D56FB /* ShadowView.swift */; };
		EDE5914F1FAB2F8D003FC9EF /* TouchID.swift in Sources */ = {isa = PBXBuildFile; fileRef = EDE5914E1FAB2F8D003FC9EF /* TouchID.swift */; };
		EDE591531FAB4D4E003FC9EF /* UserTableViewCell.xib in Resources */ = {isa = PBXBuildFile; fileRef = EDE591511FAB4D4E003FC9EF /* UserTableViewCell.xib */; };
		EDE80E5F1F879E4D0051CED6 /* GeoFire.m in Sources */ = {isa = PBXBuildFile; fileRef = EDE80E551F879AC30051CED6 /* GeoFire.m */; };
		EDE80E601F879E4D0051CED6 /* GFBase32Utils.m in Sources */ = {isa = PBXBuildFile; fileRef = EDE80E571F879AC30051CED6 /* GFBase32Utils.m */; };
		EDE80E611F879E4D0051CED6 /* GFGeoHash.m in Sources */ = {isa = PBXBuildFile; fileRef = EDE80E591F879AC30051CED6 /* GFGeoHash.m */; };
		EDE80E621F879E4D0051CED6 /* GFGeoHashQuery.m in Sources */ = {isa = PBXBuildFile; fileRef = EDE80E5B1F879AC30051CED6 /* GFGeoHashQuery.m */; };
		EDE80E631F879E4D0051CED6 /* GFQuery.m in Sources */ = {isa = PBXBuildFile; fileRef = EDE80E5D1F879AC30051CED6 /* GFQuery.m */; };
		EDE80E651F87AF470051CED6 /* UserViewController.swift in Sources */ = {isa = PBXBuildFile; fileRef = EDE80E641F87AF470051CED6 /* UserViewController.swift */; };
		EDE80E671F87AFF70051CED6 /* UserCell.swift in Sources */ = {isa = PBXBuildFile; fileRef = EDE80E661F87AFF70051CED6 /* UserCell.swift */; };
		EDF97F081F88C885001F7023 /* ChatTableViewCell.swift in Sources */ = {isa = PBXBuildFile; fileRef = EDF97F071F88C885001F7023 /* ChatTableViewCell.swift */; };
		EDF97F0A1F88D96F001F7023 /* MessageViewController.swift in Sources */ = {isa = PBXBuildFile; fileRef = EDF97F091F88D96F001F7023 /* MessageViewController.swift */; };
/* End PBXBuildFile section */

/* Begin PBXContainerItemProxy section */
		ED45FD141F86780C00747C07 /* PBXContainerItemProxy */ = {
			isa = PBXContainerItemProxy;
			containerPortal = ED45FCF71F86780B00747C07 /* Project object */;
			proxyType = 1;
			remoteGlobalIDString = ED45FCFE1F86780B00747C07;
			remoteInfo = Dark;
		};
		ED45FD1F1F86780C00747C07 /* PBXContainerItemProxy */ = {
			isa = PBXContainerItemProxy;
			containerPortal = ED45FCF71F86780B00747C07 /* Project object */;
			proxyType = 1;
			remoteGlobalIDString = ED45FCFE1F86780B00747C07;
			remoteInfo = Dark;
		};
/* End PBXContainerItemProxy section */

/* Begin PBXFileReference section */
		1638F89B6D3AE2F987EA89D6 /* Pods-DarkTests.release.xcconfig */ = {isa = PBXFileReference; includeInIndex = 1; lastKnownFileType = text.xcconfig; name = "Pods-DarkTests.release.xcconfig"; path = "Pods/Target Support Files/Pods-DarkTests/Pods-DarkTests.release.xcconfig"; sourceTree = "<group>"; };
		3847BC77D3F154C87666D1F3 /* Pods_DarkTests.framework */ = {isa = PBXFileReference; explicitFileType = wrapper.framework; includeInIndex = 0; path = Pods_DarkTests.framework; sourceTree = BUILT_PRODUCTS_DIR; };
		3A9BE61B80D3F7F78988403F /* Pods_Dark.framework */ = {isa = PBXFileReference; explicitFileType = wrapper.framework; includeInIndex = 0; path = Pods_Dark.framework; sourceTree = BUILT_PRODUCTS_DIR; };
		3ABD91A41AB50185A5AD1512 /* Pods_DarkUITests.framework */ = {isa = PBXFileReference; explicitFileType = wrapper.framework; includeInIndex = 0; path = Pods_DarkUITests.framework; sourceTree = BUILT_PRODUCTS_DIR; };
		46771D590FDC0F277AF2A319 /* Pods-Dark.release.xcconfig */ = {isa = PBXFileReference; includeInIndex = 1; lastKnownFileType = text.xcconfig; name = "Pods-Dark.release.xcconfig"; path = "Pods/Target Support Files/Pods-Dark/Pods-Dark.release.xcconfig"; sourceTree = "<group>"; };
		9F87A40322F80A162439EB36 /* Pods-DarkTests.debug.xcconfig */ = {isa = PBXFileReference; includeInIndex = 1; lastKnownFileType = text.xcconfig; name = "Pods-DarkTests.debug.xcconfig"; path = "Pods/Target Support Files/Pods-DarkTests/Pods-DarkTests.debug.xcconfig"; sourceTree = "<group>"; };
		A2C70541D5946EE747B66514 /* Pods-DarkUITests.debug.xcconfig */ = {isa = PBXFileReference; includeInIndex = 1; lastKnownFileType = text.xcconfig; name = "Pods-DarkUITests.debug.xcconfig"; path = "Pods/Target Support Files/Pods-DarkUITests/Pods-DarkUITests.debug.xcconfig"; sourceTree = "<group>"; };
		BF9F90D193FBB6A6256F7AB9 /* Pods-DarkUITests.release.xcconfig */ = {isa = PBXFileReference; includeInIndex = 1; lastKnownFileType = text.xcconfig; name = "Pods-DarkUITests.release.xcconfig"; path = "Pods/Target Support Files/Pods-DarkUITests/Pods-DarkUITests.release.xcconfig"; sourceTree = "<group>"; };
		EACA08CA21DA93262D6E18A1 /* Pods-Dark.debug.xcconfig */ = {isa = PBXFileReference; includeInIndex = 1; lastKnownFileType = text.xcconfig; name = "Pods-Dark.debug.xcconfig"; path = "Pods/Target Support Files/Pods-Dark/Pods-Dark.debug.xcconfig"; sourceTree = "<group>"; };
		ED111C2A1F8E7AE3004AF0AB /* SegueAnimation.swift */ = {isa = PBXFileReference; lastKnownFileType = sourcecode.swift; path = SegueAnimation.swift; sourceTree = "<group>"; };
		ED111C2C1F8EA690004AF0AB /* GlobalMethods.swift */ = {isa = PBXFileReference; lastKnownFileType = sourcecode.swift; path = GlobalMethods.swift; sourceTree = "<group>"; };
		ED1739151F9A622B00053332 /* CustomSwitch.swift */ = {isa = PBXFileReference; lastKnownFileType = sourcecode.swift; path = CustomSwitch.swift; sourceTree = "<group>"; };
		ED1739171F9A6B5200053332 /* GMColor.swift */ = {isa = PBXFileReference; lastKnownFileType = sourcecode.swift; path = GMColor.swift; sourceTree = "<group>"; };
		ED2258B21F8B4DAF00C1BCD6 /* Constants.swift */ = {isa = PBXFileReference; lastKnownFileType = sourcecode.swift; path = Constants.swift; sourceTree = "<group>"; };
		ED3A92491FB83BC00094ABCB /* LoginOrSignUpEmail.swift */ = {isa = PBXFileReference; lastKnownFileType = sourcecode.swift; path = LoginOrSignUpEmail.swift; sourceTree = "<group>"; };
		ED3A924B1FB83C520094ABCB /* LoginUsingFacebook.swift */ = {isa = PBXFileReference; lastKnownFileType = sourcecode.swift; path = LoginUsingFacebook.swift; sourceTree = "<group>"; };
		ED3A924D1FB83C600094ABCB /* LoginUsingTwitter.swift */ = {isa = PBXFileReference; lastKnownFileType = sourcecode.swift; path = LoginUsingTwitter.swift; sourceTree = "<group>"; };
		ED3A924F1FB83C6D0094ABCB /* LoginUsingGoogle.swift */ = {isa = PBXFileReference; lastKnownFileType = sourcecode.swift; path = LoginUsingGoogle.swift; sourceTree = "<group>"; };
		ED3A92521FB83F180094ABCB /* KeyChainManagement.swift */ = {isa = PBXFileReference; lastKnownFileType = sourcecode.swift; path = KeyChainManagement.swift; sourceTree = "<group>"; };
		ED3A92541FB8432E0094ABCB /* UserProfile.swift */ = {isa = PBXFileReference; lastKnownFileType = sourcecode.swift; path = UserProfile.swift; sourceTree = "<group>"; };
		ED3A92561FB848220094ABCB /* UserWithCr.swift */ = {isa = PBXFileReference; lastKnownFileType = sourcecode.swift; path = UserWithCr.swift; sourceTree = "<group>"; };
		ED3A92581FB85D400094ABCB /* User.swift */ = {isa = PBXFileReference; fileEncoding = 4; lastKnownFileType = sourcecode.swift; name = User.swift; path = ../../../User.swift; sourceTree = "<group>"; };
		ED45FCFF1F86780B00747C07 /* Dark.app */ = {isa = PBXFileReference; explicitFileType = wrapper.application; includeInIndex = 0; path = Dark.app; sourceTree = BUILT_PRODUCTS_DIR; };
		ED45FD021F86780C00747C07 /* AppDelegate.swift */ = {isa = PBXFileReference; lastKnownFileType = sourcecode.swift; path = AppDelegate.swift; sourceTree = "<group>"; };
		ED45FD041F86780C00747C07 /* SignUp.swift */ = {isa = PBXFileReference; lastKnownFileType = sourcecode.swift; path = SignUp.swift; sourceTree = "<group>"; };
		ED45FD071F86780C00747C07 /* Base */ = {isa = PBXFileReference; lastKnownFileType = file.storyboard; name = Base; path = Base.lproj/Main.storyboard; sourceTree = "<group>"; };
		ED45FD091F86780C00747C07 /* Assets.xcassets */ = {isa = PBXFileReference; lastKnownFileType = folder.assetcatalog; path = Assets.xcassets; sourceTree = "<group>"; };
		ED45FD0C1F86780C00747C07 /* Base */ = {isa = PBXFileReference; lastKnownFileType = file.storyboard; name = Base; path = Base.lproj/LaunchScreen.storyboard; sourceTree = "<group>"; };
		ED45FD0E1F86780C00747C07 /* Info.plist */ = {isa = PBXFileReference; lastKnownFileType = text.plist.xml; path = Info.plist; sourceTree = "<group>"; };
		ED45FD131F86780C00747C07 /* DarkTests.xctest */ = {isa = PBXFileReference; explicitFileType = wrapper.cfbundle; includeInIndex = 0; path = DarkTests.xctest; sourceTree = BUILT_PRODUCTS_DIR; };
		ED45FD171F86780C00747C07 /* DarkTests.swift */ = {isa = PBXFileReference; lastKnownFileType = sourcecode.swift; path = DarkTests.swift; sourceTree = "<group>"; };
		ED45FD191F86780C00747C07 /* Info.plist */ = {isa = PBXFileReference; lastKnownFileType = text.plist.xml; path = Info.plist; sourceTree = "<group>"; };
		ED45FD1E1F86780C00747C07 /* DarkUITests.xctest */ = {isa = PBXFileReference; explicitFileType = wrapper.cfbundle; includeInIndex = 0; path = DarkUITests.xctest; sourceTree = BUILT_PRODUCTS_DIR; };
		ED45FD221F86780C00747C07 /* DarkUITests.swift */ = {isa = PBXFileReference; lastKnownFileType = sourcecode.swift; path = DarkUITests.swift; sourceTree = "<group>"; };
		ED45FD241F86780C00747C07 /* Info.plist */ = {isa = PBXFileReference; lastKnownFileType = text.plist.xml; path = Info.plist; sourceTree = "<group>"; };
		ED5B158E1F867E800061E3EE /* GoogleService-Info.plist */ = {isa = PBXFileReference; lastKnownFileType = text.plist.xml; path = "GoogleService-Info.plist"; sourceTree = "<group>"; };
		ED69B0BE1F888E61003B25A1 /* PageViewController.swift */ = {isa = PBXFileReference; lastKnownFileType = sourcecode.swift; path = PageViewController.swift; sourceTree = "<group>"; };
		ED69B0C01F88919F003B25A1 /* ConversationVC.swift */ = {isa = PBXFileReference; lastKnownFileType = sourcecode.swift; path = ConversationVC.swift; sourceTree = "<group>"; };
		ED7350CB1FA1CA76002E3BDB /* DARKImagePickerViewController.swift */ = {isa = PBXFileReference; lastKnownFileType = sourcecode.swift; path = DARKImagePickerViewController.swift; sourceTree = "<group>"; };
		ED7DE6751F8E23050060DE2B /* GradientView.swift */ = {isa = PBXFileReference; lastKnownFileType = sourcecode.swift; path = GradientView.swift; sourceTree = "<group>"; };
		ED7DE6761F8E23050060DE2B /* UILabelX.swift */ = {isa = PBXFileReference; lastKnownFileType = sourcecode.swift; path = UILabelX.swift; sourceTree = "<group>"; };
		ED7DE6791F8E3AD30060DE2B /* fontawesome-webfont.ttf */ = {isa = PBXFileReference; lastKnownFileType = file; path = "fontawesome-webfont.ttf"; sourceTree = "<group>"; };
		ED8904821FA3263400520D48 /* myLocation.gpx */ = {isa = PBXFileReference; lastKnownFileType = text; path = myLocation.gpx; sourceTree = "<group>"; };
		ED8E7A9B1F97C98800395D0A /* APIManager.swift */ = {isa = PBXFileReference; lastKnownFileType = sourcecode.swift; path = APIManager.swift; sourceTree = "<group>"; };
		EDA26D2A1FB8A6460040F840 /* UserToken.swift */ = {isa = PBXFileReference; lastKnownFileType = sourcecode.swift; path = UserToken.swift; sourceTree = "<group>"; };
		EDA26D2D1FB8A9B00040F840 /* LogOut.swift */ = {isa = PBXFileReference; lastKnownFileType = sourcecode.swift; path = LogOut.swift; sourceTree = "<group>"; };
		EDA26D2F1FB8AAFF0040F840 /* DeleteAccount.swift */ = {isa = PBXFileReference; lastKnownFileType = sourcecode.swift; path = DeleteAccount.swift; sourceTree = "<group>"; };
		EDA26D311FB8B4490040F840 /* PasswordManager.swift */ = {isa = PBXFileReference; lastKnownFileType = sourcecode.swift; path = PasswordManager.swift; sourceTree = "<group>"; };
		EDA26D341FB8B7FC0040F840 /* Messages.swift */ = {isa = PBXFileReference; lastKnownFileType = sourcecode.swift; path = Messages.swift; sourceTree = "<group>"; };
		EDA26D361FB8B84F0040F840 /* Conversation.swift */ = {isa = PBXFileReference; lastKnownFileType = sourcecode.swift; path = Conversation.swift; sourceTree = "<group>"; };
		EDA26D381FB8BC450040F840 /* MessageStatus.swift */ = {isa = PBXFileReference; lastKnownFileType = sourcecode.swift; path = MessageStatus.swift; sourceTree = "<group>"; };
		EDA2CC8A1F869EDB0061B07B /* UserDetailsViewController.swift */ = {isa = PBXFileReference; lastKnownFileType = sourcecode.swift; path = UserDetailsViewController.swift; sourceTree = "<group>"; };
		EDA2CC8D1F86AB730061B07B /* SignIn.swift */ = {isa = PBXFileReference; lastKnownFileType = sourcecode.swift; path = SignIn.swift; sourceTree = "<group>"; };
		EDB73C9A1F98B5F50086F1C0 /* UserDataModel.swift */ = {isa = PBXFileReference; lastKnownFileType = sourcecode.swift; path = UserDataModel.swift; sourceTree = "<group>"; };
		EDB7C2BB1FAC5C230073BB87 /* MapViewController.swift */ = {isa = PBXFileReference; lastKnownFileType = sourcecode.swift; path = MapViewController.swift; sourceTree = "<group>"; };
		EDB7C2BD1FAC70F00073BB87 /* Mapdata.swift */ = {isa = PBXFileReference; lastKnownFileType = sourcecode.swift; path = Mapdata.swift; sourceTree = "<group>"; };
		EDB7C2BF1FAC73340073BB87 /* UserAnnotation.swift */ = {isa = PBXFileReference; lastKnownFileType = sourcecode.swift; path = UserAnnotation.swift; sourceTree = "<group>"; };
		EDBEB4611FA4AFD200C557C0 /* DARKCoder.swift */ = {isa = PBXFileReference; lastKnownFileType = sourcecode.swift; path = DARKCoder.swift; sourceTree = "<group>"; };
		EDBEB4631FA5067500C557C0 /* SettingsViewController.swift */ = {isa = PBXFileReference; lastKnownFileType = sourcecode.swift; path = SettingsViewController.swift; sourceTree = "<group>"; };
		EDBFE8351FA59AB8000AC57A /* Enumrations.swift */ = {isa = PBXFileReference; lastKnownFileType = sourcecode.swift; path = Enumrations.swift; sourceTree = "<group>"; };
		EDDD1DF81FAF0F7B00799A19 /* ImageCache.swift */ = {isa = PBXFileReference; lastKnownFileType = sourcecode.swift; path = ImageCache.swift; sourceTree = "<group>"; };
		EDE08DEC1FA85979005D56FB /* PopUp.swift */ = {isa = PBXFileReference; lastKnownFileType = sourcecode.swift; path = PopUp.swift; sourceTree = "<group>"; };
		EDE08DEE1FA90ACF005D56FB /* ShadowView.swift */ = {isa = PBXFileReference; lastKnownFileType = sourcecode.swift; path = ShadowView.swift; sourceTree = "<group>"; };
		EDE5914E1FAB2F8D003FC9EF /* TouchID.swift */ = {isa = PBXFileReference; lastKnownFileType = sourcecode.swift; path = TouchID.swift; sourceTree = "<group>"; };
		EDE591511FAB4D4E003FC9EF /* UserTableViewCell.xib */ = {isa = PBXFileReference; lastKnownFileType = file.xib; path = UserTableViewCell.xib; sourceTree = "<group>"; };
		EDE80E371F8798000051CED6 /* Dark-Bridging-Header.h */ = {isa = PBXFileReference; lastKnownFileType = sourcecode.c.h; path = "Dark-Bridging-Header.h"; sourceTree = "<group>"; };
		EDE80E4E1F879AC30051CED6 /* GeoFire.h */ = {isa = PBXFileReference; lastKnownFileType = sourcecode.c.h; path = GeoFire.h; sourceTree = "<group>"; };
		EDE80E4F1F879AC30051CED6 /* GFCircleQuery.h */ = {isa = PBXFileReference; lastKnownFileType = sourcecode.c.h; path = GFCircleQuery.h; sourceTree = "<group>"; };
		EDE80E501F879AC30051CED6 /* GFQuery.h */ = {isa = PBXFileReference; lastKnownFileType = sourcecode.c.h; path = GFQuery.h; sourceTree = "<group>"; };
		EDE80E511F879AC30051CED6 /* GFRegionQuery.h */ = {isa = PBXFileReference; lastKnownFileType = sourcecode.c.h; path = GFRegionQuery.h; sourceTree = "<group>"; };
		EDE80E521F879AC30051CED6 /* GeoFire-Prefix.pch */ = {isa = PBXFileReference; lastKnownFileType = sourcecode.c.h; path = "GeoFire-Prefix.pch"; sourceTree = "<group>"; };
		EDE80E541F879AC30051CED6 /* GeoFire+Private.h */ = {isa = PBXFileReference; lastKnownFileType = sourcecode.c.h; path = "GeoFire+Private.h"; sourceTree = "<group>"; };
		EDE80E551F879AC30051CED6 /* GeoFire.m */ = {isa = PBXFileReference; lastKnownFileType = sourcecode.c.objc; path = GeoFire.m; sourceTree = "<group>"; };
		EDE80E561F879AC30051CED6 /* GFBase32Utils.h */ = {isa = PBXFileReference; lastKnownFileType = sourcecode.c.h; path = GFBase32Utils.h; sourceTree = "<group>"; };
		EDE80E571F879AC30051CED6 /* GFBase32Utils.m */ = {isa = PBXFileReference; lastKnownFileType = sourcecode.c.objc; path = GFBase32Utils.m; sourceTree = "<group>"; };
		EDE80E581F879AC30051CED6 /* GFGeoHash.h */ = {isa = PBXFileReference; lastKnownFileType = sourcecode.c.h; path = GFGeoHash.h; sourceTree = "<group>"; };
		EDE80E591F879AC30051CED6 /* GFGeoHash.m */ = {isa = PBXFileReference; lastKnownFileType = sourcecode.c.objc; path = GFGeoHash.m; sourceTree = "<group>"; };
		EDE80E5A1F879AC30051CED6 /* GFGeoHashQuery.h */ = {isa = PBXFileReference; lastKnownFileType = sourcecode.c.h; path = GFGeoHashQuery.h; sourceTree = "<group>"; };
		EDE80E5B1F879AC30051CED6 /* GFGeoHashQuery.m */ = {isa = PBXFileReference; lastKnownFileType = sourcecode.c.objc; path = GFGeoHashQuery.m; sourceTree = "<group>"; };
		EDE80E5C1F879AC30051CED6 /* GFQuery+Private.h */ = {isa = PBXFileReference; lastKnownFileType = sourcecode.c.h; path = "GFQuery+Private.h"; sourceTree = "<group>"; };
		EDE80E5D1F879AC30051CED6 /* GFQuery.m */ = {isa = PBXFileReference; lastKnownFileType = sourcecode.c.objc; path = GFQuery.m; sourceTree = "<group>"; };
		EDE80E641F87AF470051CED6 /* UserViewController.swift */ = {isa = PBXFileReference; lastKnownFileType = sourcecode.swift; path = UserViewController.swift; sourceTree = "<group>"; };
		EDE80E661F87AFF70051CED6 /* UserCell.swift */ = {isa = PBXFileReference; lastKnownFileType = sourcecode.swift; path = UserCell.swift; sourceTree = "<group>"; };
		EDF97F041F88C15E001F7023 /* Dark.entitlements */ = {isa = PBXFileReference; lastKnownFileType = text.plist.entitlements; path = Dark.entitlements; sourceTree = "<group>"; };
		EDF97F071F88C885001F7023 /* ChatTableViewCell.swift */ = {isa = PBXFileReference; lastKnownFileType = sourcecode.swift; path = ChatTableViewCell.swift; sourceTree = "<group>"; };
		EDF97F091F88D96F001F7023 /* MessageViewController.swift */ = {isa = PBXFileReference; lastKnownFileType = sourcecode.swift; path = MessageViewController.swift; sourceTree = "<group>"; };
/* End PBXFileReference section */

/* Begin PBXFrameworksBuildPhase section */
		ED45FCFC1F86780B00747C07 /* Frameworks */ = {
			isa = PBXFrameworksBuildPhase;
			buildActionMask = 2147483647;
			files = (
				109D2F6B61A4F7CF5DE63C76 /* Pods_Dark.framework in Frameworks */,
			);
			runOnlyForDeploymentPostprocessing = 0;
		};
		ED45FD101F86780C00747C07 /* Frameworks */ = {
			isa = PBXFrameworksBuildPhase;
			buildActionMask = 2147483647;
			files = (
				6C097373CB6E6C7816CFEDF0 /* Pods_DarkTests.framework in Frameworks */,
			);
			runOnlyForDeploymentPostprocessing = 0;
		};
		ED45FD1B1F86780C00747C07 /* Frameworks */ = {
			isa = PBXFrameworksBuildPhase;
			buildActionMask = 2147483647;
			files = (
				2CBC4B3F5800F24108066E61 /* Pods_DarkUITests.framework in Frameworks */,
			);
			runOnlyForDeploymentPostprocessing = 0;
		};
/* End PBXFrameworksBuildPhase section */

/* Begin PBXGroup section */
		7B7212E8205E4C873081E12B /* Frameworks */ = {
			isa = PBXGroup;
			children = (
				3A9BE61B80D3F7F78988403F /* Pods_Dark.framework */,
				3847BC77D3F154C87666D1F3 /* Pods_DarkTests.framework */,
				3ABD91A41AB50185A5AD1512 /* Pods_DarkUITests.framework */,
			);
			name = Frameworks;
			sourceTree = "<group>";
		};
		D707572DBFB873C1D64197F9 /* Pods */ = {
			isa = PBXGroup;
			children = (
				EACA08CA21DA93262D6E18A1 /* Pods-Dark.debug.xcconfig */,
				46771D590FDC0F277AF2A319 /* Pods-Dark.release.xcconfig */,
				9F87A40322F80A162439EB36 /* Pods-DarkTests.debug.xcconfig */,
				1638F89B6D3AE2F987EA89D6 /* Pods-DarkTests.release.xcconfig */,
				A2C70541D5946EE747B66514 /* Pods-DarkUITests.debug.xcconfig */,
				BF9F90D193FBB6A6256F7AB9 /* Pods-DarkUITests.release.xcconfig */,
			);
			name = Pods;
			sourceTree = "<group>";
		};
		ED3A92511FB83CB10094ABCB /* SignIn */ = {
			isa = PBXGroup;
			children = (
				ED3A92491FB83BC00094ABCB /* LoginOrSignUpEmail.swift */,
				ED3A924B1FB83C520094ABCB /* LoginUsingFacebook.swift */,
				ED3A924D1FB83C600094ABCB /* LoginUsingTwitter.swift */,
				ED3A924F1FB83C6D0094ABCB /* LoginUsingGoogle.swift */,
			);
			name = SignIn;
			sourceTree = "<group>";
		};
		ED45FCF61F86780B00747C07 = {
			isa = PBXGroup;
			children = (
				EDE80E4C1F879AC30051CED6 /* GeoFire */,
				ED45FD011F86780B00747C07 /* Dark */,
				ED45FD161F86780C00747C07 /* DarkTests */,
				ED45FD211F86780C00747C07 /* DarkUITests */,
				ED45FD001F86780B00747C07 /* Products */,
				D707572DBFB873C1D64197F9 /* Pods */,
				7B7212E8205E4C873081E12B /* Frameworks */,
				EDE80E371F8798000051CED6 /* Dark-Bridging-Header.h */,
			);
			sourceTree = "<group>";
		};
		ED45FD001F86780B00747C07 /* Products */ = {
			isa = PBXGroup;
			children = (
				ED45FCFF1F86780B00747C07 /* Dark.app */,
				ED45FD131F86780C00747C07 /* DarkTests.xctest */,
				ED45FD1E1F86780C00747C07 /* DarkUITests.xctest */,
			);
			name = Products;
			sourceTree = "<group>";
		};
		ED45FD011F86780B00747C07 /* Dark */ = {
			isa = PBXGroup;
			children = (
				EDF97F041F88C15E001F7023 /* Dark.entitlements */,
				ED5B158E1F867E800061E3EE /* GoogleService-Info.plist */,
				ED45FD0E1F86780C00747C07 /* Info.plist */,
				EDE80DD91F876B780051CED6 /* Supportings  Files */,
				EDE80DDE1F8774CC0051CED6 /* Model */,
				EDA2CC8C1F86AB5A0061B07B /* Controller */,
				EDE80DDA1F876BA70051CED6 /* View */,
			);
			path = Dark;
			sourceTree = "<group>";
		};
		ED45FD161F86780C00747C07 /* DarkTests */ = {
			isa = PBXGroup;
			children = (
				ED45FD171F86780C00747C07 /* DarkTests.swift */,
				ED45FD191F86780C00747C07 /* Info.plist */,
			);
			path = DarkTests;
			sourceTree = "<group>";
		};
		ED45FD211F86780C00747C07 /* DarkUITests */ = {
			isa = PBXGroup;
			children = (
				ED45FD221F86780C00747C07 /* DarkUITests.swift */,
				ED45FD241F86780C00747C07 /* Info.plist */,
			);
			path = DarkUITests;
			sourceTree = "<group>";
		};
		ED69B0C21F88A16F003B25A1 /* Sign In */ = {
			isa = PBXGroup;
			children = (
				ED45FD041F86780C00747C07 /* SignUp.swift */,
				EDA2CC8D1F86AB730061B07B /* SignIn.swift */,
			);
			path = "Sign In";
			sourceTree = "<group>";
		};
		ED7A8B9F1F9B12D500E3E6BD /* Design */ = {
			isa = PBXGroup;
			children = (
				ED7DE6751F8E23050060DE2B /* GradientView.swift */,
				ED7DE6761F8E23050060DE2B /* UILabelX.swift */,
				ED1739151F9A622B00053332 /* CustomSwitch.swift */,
				ED1739171F9A6B5200053332 /* GMColor.swift */,
			);
			path = Design;
			sourceTree = "<group>";
		};
		ED7A8BA01F9B12EF00E3E6BD /* Fonts */ = {
			isa = PBXGroup;
			children = (
				ED7DE6791F8E3AD30060DE2B /* fontawesome-webfont.ttf */,
			);
			path = Fonts;
			sourceTree = "<group>";
		};
		ED97376B1F8A918E0002FDE7 /* UserDetails */ = {
			isa = PBXGroup;
			children = (
				EDA2CC8A1F869EDB0061B07B /* UserDetailsViewController.swift */,
				ED7350CB1FA1CA76002E3BDB /* DARKImagePickerViewController.swift */,
			);
			name = UserDetails;
			sourceTree = "<group>";
		};
		EDA26D2C1FB8A86A0040F840 /* UserManagment */ = {
			isa = PBXGroup;
			children = (
				ED3A92541FB8432E0094ABCB /* UserProfile.swift */,
				ED3A92561FB848220094ABCB /* UserWithCr.swift */,
				EDA26D2A1FB8A6460040F840 /* UserToken.swift */,
			);
			name = UserManagment;
			sourceTree = "<group>";
		};
		EDA26D331FB8B7A50040F840 /* AccountManagment */ = {
			isa = PBXGroup;
			children = (
				EDA26D2D1FB8A9B00040F840 /* LogOut.swift */,
				EDA26D2F1FB8AAFF0040F840 /* DeleteAccount.swift */,
				EDA26D311FB8B4490040F840 /* PasswordManager.swift */,
			);
			name = AccountManagment;
			sourceTree = "<group>";
		};
		EDA26D3A1FB8BC790040F840 /* Chat */ = {
			isa = PBXGroup;
			children = (
				EDA26D341FB8B7FC0040F840 /* Messages.swift */,
				EDA26D381FB8BC450040F840 /* MessageStatus.swift */,
				EDA26D361FB8B84F0040F840 /* Conversation.swift */,
			);
			name = Chat;
			sourceTree = "<group>";
		};
		EDA2CC8C1F86AB5A0061B07B /* Controller */ = {
			isa = PBXGroup;
			children = (
				ED97376B1F8A918E0002FDE7 /* UserDetails */,
				EDF97F0B1F88E861001F7023 /* Chat */,
				ED69B0C21F88A16F003B25A1 /* Sign In */,
				ED69B0BE1F888E61003B25A1 /* PageViewController.swift */,
				EDE80E641F87AF470051CED6 /* UserViewController.swift */,
				EDBEB4631FA5067500C557C0 /* SettingsViewController.swift */,
				EDB7C2BB1FAC5C230073BB87 /* MapViewController.swift */,
				EDE08DEC1FA85979005D56FB /* PopUp.swift */,
			);
			path = Controller;
			sourceTree = "<group>";
		};
		EDDD1DFA1FAF343300799A19 /* ChatTableCell */ = {
			isa = PBXGroup;
			children = (
				EDF97F071F88C885001F7023 /* ChatTableViewCell.swift */,
				EDE591511FAB4D4E003FC9EF /* UserTableViewCell.xib */,
			);
			path = ChatTableCell;
			sourceTree = "<group>";
		};
		EDE80DD91F876B780051CED6 /* Supportings  Files */ = {
			isa = PBXGroup;
			children = (
				ED7A8B9F1F9B12D500E3E6BD /* Design */,
				ED7A8BA01F9B12EF00E3E6BD /* Fonts */,
				ED45FD091F86780C00747C07 /* Assets.xcassets */,
				ED45FD021F86780C00747C07 /* AppDelegate.swift */,
				ED2258B21F8B4DAF00C1BCD6 /* Constants.swift */,
				EDBFE8351FA59AB8000AC57A /* Enumrations.swift */,
				ED111C2A1F8E7AE3004AF0AB /* SegueAnimation.swift */,
				ED111C2C1F8EA690004AF0AB /* GlobalMethods.swift */,
				EDE08DEE1FA90ACF005D56FB /* ShadowView.swift */,
				EDE5914E1FAB2F8D003FC9EF /* TouchID.swift */,
				ED8904821FA3263400520D48 /* myLocation.gpx */,
			);
			path = "Supportings  Files";
			sourceTree = "<group>";
		};
		EDE80DDA1F876BA70051CED6 /* View */ = {
			isa = PBXGroup;
			children = (
				EDE80E661F87AFF70051CED6 /* UserCell.swift */,
				EDDD1DFA1FAF343300799A19 /* ChatTableCell */,
				ED45FD061F86780C00747C07 /* Main.storyboard */,
				ED45FD0B1F86780C00747C07 /* LaunchScreen.storyboard */,
			);
			path = View;
			sourceTree = "<group>";
		};
		EDE80DDE1F8774CC0051CED6 /* Model */ = {
			isa = PBXGroup;
			children = (
				ED3A92581FB85D400094ABCB /* User.swift */,
				EDB7C2BF1FAC73340073BB87 /* UserAnnotation.swift */,
				EDB7C2BD1FAC70F00073BB87 /* Mapdata.swift */,
				EDB73C9A1F98B5F50086F1C0 /* UserDataModel.swift */,
				ED8E7A9B1F97C98800395D0A /* APIManager.swift */,
				EDA26D3A1FB8BC790040F840 /* Chat */,
				EDBEB4611FA4AFD200C557C0 /* DARKCoder.swift */,
				EDDD1DF81FAF0F7B00799A19 /* ImageCache.swift */,
				ED3A92521FB83F180094ABCB /* KeyChainManagement.swift */,
				EDA26D331FB8B7A50040F840 /* AccountManagment */,
				EDA26D2C1FB8A86A0040F840 /* UserManagment */,
				ED3A92511FB83CB10094ABCB /* SignIn */,
			);
			path = Model;
			sourceTree = "<group>";
		};
		EDE80E4C1F879AC30051CED6 /* GeoFire */ = {
			isa = PBXGroup;
			children = (
				EDE80E4D1F879AC30051CED6 /* API */,
				EDE80E521F879AC30051CED6 /* GeoFire-Prefix.pch */,
				EDE80E531F879AC30051CED6 /* Implementation */,
			);
			path = GeoFire;
			sourceTree = "<group>";
		};
		EDE80E4D1F879AC30051CED6 /* API */ = {
			isa = PBXGroup;
			children = (
				EDE80E4E1F879AC30051CED6 /* GeoFire.h */,
				EDE80E4F1F879AC30051CED6 /* GFCircleQuery.h */,
				EDE80E501F879AC30051CED6 /* GFQuery.h */,
				EDE80E511F879AC30051CED6 /* GFRegionQuery.h */,
			);
			path = API;
			sourceTree = "<group>";
		};
		EDE80E531F879AC30051CED6 /* Implementation */ = {
			isa = PBXGroup;
			children = (
				EDE80E541F879AC30051CED6 /* GeoFire+Private.h */,
				EDE80E551F879AC30051CED6 /* GeoFire.m */,
				EDE80E561F879AC30051CED6 /* GFBase32Utils.h */,
				EDE80E571F879AC30051CED6 /* GFBase32Utils.m */,
				EDE80E581F879AC30051CED6 /* GFGeoHash.h */,
				EDE80E591F879AC30051CED6 /* GFGeoHash.m */,
				EDE80E5A1F879AC30051CED6 /* GFGeoHashQuery.h */,
				EDE80E5B1F879AC30051CED6 /* GFGeoHashQuery.m */,
				EDE80E5C1F879AC30051CED6 /* GFQuery+Private.h */,
				EDE80E5D1F879AC30051CED6 /* GFQuery.m */,
			);
			path = Implementation;
			sourceTree = "<group>";
		};
		EDF97F0B1F88E861001F7023 /* Chat */ = {
			isa = PBXGroup;
			children = (
				ED69B0C01F88919F003B25A1 /* ConversationVC.swift */,
				EDF97F091F88D96F001F7023 /* MessageViewController.swift */,
			);
			name = Chat;
			sourceTree = "<group>";
		};
/* End PBXGroup section */

/* Begin PBXNativeTarget section */
		ED45FCFE1F86780B00747C07 /* Dark */ = {
			isa = PBXNativeTarget;
			buildConfigurationList = ED45FD271F86780C00747C07 /* Build configuration list for PBXNativeTarget "Dark" */;
			buildPhases = (
				FBBC5A55F2540D8004F8D776 /* [CP] Check Pods Manifest.lock */,
				ED45FCFB1F86780B00747C07 /* Sources */,
				ED45FCFC1F86780B00747C07 /* Frameworks */,
				ED45FCFD1F86780B00747C07 /* Resources */,
				27D03F485E37C16824438D97 /* [CP] Embed Pods Frameworks */,
				0D957C6894A02CF9D61BEF9E /* [CP] Copy Pods Resources */,
			);
			buildRules = (
			);
			dependencies = (
			);
			name = Dark;
			productName = Dark;
			productReference = ED45FCFF1F86780B00747C07 /* Dark.app */;
			productType = "com.apple.product-type.application";
		};
		ED45FD121F86780C00747C07 /* DarkTests */ = {
			isa = PBXNativeTarget;
			buildConfigurationList = ED45FD2A1F86780C00747C07 /* Build configuration list for PBXNativeTarget "DarkTests" */;
			buildPhases = (
				5657856E2CF6C65387117947 /* [CP] Check Pods Manifest.lock */,
				ED45FD0F1F86780C00747C07 /* Sources */,
				ED45FD101F86780C00747C07 /* Frameworks */,
				ED45FD111F86780C00747C07 /* Resources */,
				803BC7ACE6B219285C6DB511 /* [CP] Embed Pods Frameworks */,
				DE205F7A247230F75279E991 /* [CP] Copy Pods Resources */,
			);
			buildRules = (
			);
			dependencies = (
				ED45FD151F86780C00747C07 /* PBXTargetDependency */,
			);
			name = DarkTests;
			productName = DarkTests;
			productReference = ED45FD131F86780C00747C07 /* DarkTests.xctest */;
			productType = "com.apple.product-type.bundle.unit-test";
		};
		ED45FD1D1F86780C00747C07 /* DarkUITests */ = {
			isa = PBXNativeTarget;
			buildConfigurationList = ED45FD2D1F86780C00747C07 /* Build configuration list for PBXNativeTarget "DarkUITests" */;
			buildPhases = (
				333EB90A4B859285212A61B8 /* [CP] Check Pods Manifest.lock */,
				ED45FD1A1F86780C00747C07 /* Sources */,
				ED45FD1B1F86780C00747C07 /* Frameworks */,
				ED45FD1C1F86780C00747C07 /* Resources */,
				1B6AAFBCDFFE02101A6F989D /* [CP] Embed Pods Frameworks */,
				29B70725AB33F813F530234F /* [CP] Copy Pods Resources */,
			);
			buildRules = (
			);
			dependencies = (
				ED45FD201F86780C00747C07 /* PBXTargetDependency */,
			);
			name = DarkUITests;
			productName = DarkUITests;
			productReference = ED45FD1E1F86780C00747C07 /* DarkUITests.xctest */;
			productType = "com.apple.product-type.bundle.ui-testing";
		};
/* End PBXNativeTarget section */

/* Begin PBXProject section */
		ED45FCF71F86780B00747C07 /* Project object */ = {
			isa = PBXProject;
			attributes = {
				LastSwiftUpdateCheck = 0900;
				LastUpgradeCheck = 0900;
				ORGANIZATIONNAME = weza;
				TargetAttributes = {
					ED45FCFE1F86780B00747C07 = {
						CreatedOnToolsVersion = 9.0;
						LastSwiftMigration = 0900;
						ProvisioningStyle = Automatic;
						SystemCapabilities = {
							com.apple.Keychain = {
								enabled = 1;
							};
							com.apple.Push = {
								enabled = 1;
							};
						};
					};
					ED45FD121F86780C00747C07 = {
						CreatedOnToolsVersion = 9.0;
						ProvisioningStyle = Automatic;
						TestTargetID = ED45FCFE1F86780B00747C07;
					};
					ED45FD1D1F86780C00747C07 = {
						CreatedOnToolsVersion = 9.0;
						ProvisioningStyle = Automatic;
						TestTargetID = ED45FCFE1F86780B00747C07;
					};
				};
			};
			buildConfigurationList = ED45FCFA1F86780B00747C07 /* Build configuration list for PBXProject "Dark" */;
			compatibilityVersion = "Xcode 8.0";
			developmentRegion = en;
			hasScannedForEncodings = 0;
			knownRegions = (
				en,
				Base,
			);
			mainGroup = ED45FCF61F86780B00747C07;
			productRefGroup = ED45FD001F86780B00747C07 /* Products */;
			projectDirPath = "";
			projectRoot = "";
			targets = (
				ED45FCFE1F86780B00747C07 /* Dark */,
				ED45FD121F86780C00747C07 /* DarkTests */,
				ED45FD1D1F86780C00747C07 /* DarkUITests */,
			);
		};
/* End PBXProject section */

/* Begin PBXResourcesBuildPhase section */
		ED45FCFD1F86780B00747C07 /* Resources */ = {
			isa = PBXResourcesBuildPhase;
			buildActionMask = 2147483647;
			files = (
				ED7DE67A1F8E3B1B0060DE2B /* fontawesome-webfont.ttf in Resources */,
				EDA2CC891F867FCF0061B07B /* GoogleService-Info.plist in Resources */,
				ED8904831FA3263400520D48 /* myLocation.gpx in Resources */,
				EDE591531FAB4D4E003FC9EF /* UserTableViewCell.xib in Resources */,
				ED45FD0D1F86780C00747C07 /* LaunchScreen.storyboard in Resources */,
				ED45FD0A1F86780C00747C07 /* Assets.xcassets in Resources */,
				ED45FD081F86780C00747C07 /* Main.storyboard in Resources */,
			);
			runOnlyForDeploymentPostprocessing = 0;
		};
		ED45FD111F86780C00747C07 /* Resources */ = {
			isa = PBXResourcesBuildPhase;
			buildActionMask = 2147483647;
			files = (
			);
			runOnlyForDeploymentPostprocessing = 0;
		};
		ED45FD1C1F86780C00747C07 /* Resources */ = {
			isa = PBXResourcesBuildPhase;
			buildActionMask = 2147483647;
			files = (
			);
			runOnlyForDeploymentPostprocessing = 0;
		};
/* End PBXResourcesBuildPhase section */

/* Begin PBXShellScriptBuildPhase section */
		0D957C6894A02CF9D61BEF9E /* [CP] Copy Pods Resources */ = {
			isa = PBXShellScriptBuildPhase;
			buildActionMask = 2147483647;
			files = (
			);
			inputPaths = (
				"${SRCROOT}/Pods/Target Support Files/Pods-Dark/Pods-Dark-resources.sh",
				"${PODS_ROOT}/GoogleSignIn/Resources/GoogleSignIn.bundle",
				"${PODS_ROOT}/TwitterKit/iOS/TwitterKit.framework/TwitterKitResources.bundle",
				"${PODS_ROOT}/TwitterKit/iOS/TwitterKit.framework/TwitterShareExtensionUIResources.bundle",
			);
			name = "[CP] Copy Pods Resources";
			outputPaths = (
				"${TARGET_BUILD_DIR}/${UNLOCALIZED_RESOURCES_FOLDER_PATH}",
			);
			runOnlyForDeploymentPostprocessing = 0;
			shellPath = /bin/sh;
			shellScript = "\"${SRCROOT}/Pods/Target Support Files/Pods-Dark/Pods-Dark-resources.sh\"\n";
			showEnvVarsInLog = 0;
		};
		1B6AAFBCDFFE02101A6F989D /* [CP] Embed Pods Frameworks */ = {
			isa = PBXShellScriptBuildPhase;
			buildActionMask = 2147483647;
			files = (
			);
			inputPaths = (
			);
			name = "[CP] Embed Pods Frameworks";
			outputPaths = (
			);
			runOnlyForDeploymentPostprocessing = 0;
			shellPath = /bin/sh;
			shellScript = "\"${SRCROOT}/Pods/Target Support Files/Pods-DarkUITests/Pods-DarkUITests-frameworks.sh\"\n";
			showEnvVarsInLog = 0;
		};
		27D03F485E37C16824438D97 /* [CP] Embed Pods Frameworks */ = {
			isa = PBXShellScriptBuildPhase;
			buildActionMask = 2147483647;
			files = (
			);
			inputPaths = (
				"${SRCROOT}/Pods/Target Support Files/Pods-Dark/Pods-Dark-frameworks.sh",
				"${BUILT_PRODUCTS_DIR}/Bolts/Bolts.framework",
				"${BUILT_PRODUCTS_DIR}/DatePickerDialog/DatePickerDialog.framework",
				"${BUILT_PRODUCTS_DIR}/FBSDKCoreKit/FBSDKCoreKit.framework",
				"${BUILT_PRODUCTS_DIR}/FBSDKLoginKit/FBSDKLoginKit.framework",
				"${BUILT_PRODUCTS_DIR}/GTMOAuth2/GTMOAuth2.framework",
				"${BUILT_PRODUCTS_DIR}/GTMSessionFetcher/GTMSessionFetcher.framework",
				"${BUILT_PRODUCTS_DIR}/GoogleToolboxForMac/GoogleToolboxForMac.framework",
				"${BUILT_PRODUCTS_DIR}/JSQMessagesViewController/JSQMessagesViewController.framework",
				"${BUILT_PRODUCTS_DIR}/JSQSystemSoundPlayer/JSQSystemSoundPlayer.framework",
				"${BUILT_PRODUCTS_DIR}/LGButton/LGButton.framework",
				"${BUILT_PRODUCTS_DIR}/Protobuf/Protobuf.framework",
				"${BUILT_PRODUCTS_DIR}/ReachabilitySwift/ReachabilitySwift.framework",
				"${BUILT_PRODUCTS_DIR}/SDWebImage/SDWebImage.framework",
				"${BUILT_PRODUCTS_DIR}/SkyFloatingLabelTextField/SkyFloatingLabelTextField.framework",
				"${BUILT_PRODUCTS_DIR}/SwiftDate/SwiftDate.framework",
				"${BUILT_PRODUCTS_DIR}/SwiftKeychainWrapper/SwiftKeychainWrapper.framework",
				"${BUILT_PRODUCTS_DIR}/XLPagerTabStrip/XLPagerTabStrip.framework",
			);
			name = "[CP] Embed Pods Frameworks";
			outputPaths = (
				"${TARGET_BUILD_DIR}/${FRAMEWORKS_FOLDER_PATH}/Bolts.framework",
				"${TARGET_BUILD_DIR}/${FRAMEWORKS_FOLDER_PATH}/DatePickerDialog.framework",
				"${TARGET_BUILD_DIR}/${FRAMEWORKS_FOLDER_PATH}/FBSDKCoreKit.framework",
				"${TARGET_BUILD_DIR}/${FRAMEWORKS_FOLDER_PATH}/FBSDKLoginKit.framework",
				"${TARGET_BUILD_DIR}/${FRAMEWORKS_FOLDER_PATH}/GTMOAuth2.framework",
				"${TARGET_BUILD_DIR}/${FRAMEWORKS_FOLDER_PATH}/GTMSessionFetcher.framework",
				"${TARGET_BUILD_DIR}/${FRAMEWORKS_FOLDER_PATH}/GoogleToolboxForMac.framework",
				"${TARGET_BUILD_DIR}/${FRAMEWORKS_FOLDER_PATH}/JSQMessagesViewController.framework",
				"${TARGET_BUILD_DIR}/${FRAMEWORKS_FOLDER_PATH}/JSQSystemSoundPlayer.framework",
				"${TARGET_BUILD_DIR}/${FRAMEWORKS_FOLDER_PATH}/LGButton.framework",
				"${TARGET_BUILD_DIR}/${FRAMEWORKS_FOLDER_PATH}/Protobuf.framework",
				"${TARGET_BUILD_DIR}/${FRAMEWORKS_FOLDER_PATH}/ReachabilitySwift.framework",
				"${TARGET_BUILD_DIR}/${FRAMEWORKS_FOLDER_PATH}/SDWebImage.framework",
				"${TARGET_BUILD_DIR}/${FRAMEWORKS_FOLDER_PATH}/SkyFloatingLabelTextField.framework",
				"${TARGET_BUILD_DIR}/${FRAMEWORKS_FOLDER_PATH}/SwiftDate.framework",
				"${TARGET_BUILD_DIR}/${FRAMEWORKS_FOLDER_PATH}/SwiftKeychainWrapper.framework",
				"${TARGET_BUILD_DIR}/${FRAMEWORKS_FOLDER_PATH}/XLPagerTabStrip.framework",
			);
			runOnlyForDeploymentPostprocessing = 0;
			shellPath = /bin/sh;
			shellScript = "\"${SRCROOT}/Pods/Target Support Files/Pods-Dark/Pods-Dark-frameworks.sh\"\n";
			showEnvVarsInLog = 0;
		};
		29B70725AB33F813F530234F /* [CP] Copy Pods Resources */ = {
			isa = PBXShellScriptBuildPhase;
			buildActionMask = 2147483647;
			files = (
			);
			inputPaths = (
			);
			name = "[CP] Copy Pods Resources";
			outputPaths = (
			);
			runOnlyForDeploymentPostprocessing = 0;
			shellPath = /bin/sh;
			shellScript = "\"${SRCROOT}/Pods/Target Support Files/Pods-DarkUITests/Pods-DarkUITests-resources.sh\"\n";
			showEnvVarsInLog = 0;
		};
		333EB90A4B859285212A61B8 /* [CP] Check Pods Manifest.lock */ = {
			isa = PBXShellScriptBuildPhase;
			buildActionMask = 2147483647;
			files = (
			);
			inputPaths = (
				"${PODS_PODFILE_DIR_PATH}/Podfile.lock",
				"${PODS_ROOT}/Manifest.lock",
			);
			name = "[CP] Check Pods Manifest.lock";
			outputPaths = (
				"$(DERIVED_FILE_DIR)/Pods-DarkUITests-checkManifestLockResult.txt",
			);
			runOnlyForDeploymentPostprocessing = 0;
			shellPath = /bin/sh;
			shellScript = "diff \"${PODS_PODFILE_DIR_PATH}/Podfile.lock\" \"${PODS_ROOT}/Manifest.lock\" > /dev/null\nif [ $? != 0 ] ; then\n    # print error to STDERR\n    echo \"error: The sandbox is not in sync with the Podfile.lock. Run 'pod install' or update your CocoaPods installation.\" >&2\n    exit 1\nfi\n# This output is used by Xcode 'outputs' to avoid re-running this script phase.\necho \"SUCCESS\" > \"${SCRIPT_OUTPUT_FILE_0}\"\n";
			showEnvVarsInLog = 0;
		};
		5657856E2CF6C65387117947 /* [CP] Check Pods Manifest.lock */ = {
			isa = PBXShellScriptBuildPhase;
			buildActionMask = 2147483647;
			files = (
			);
			inputPaths = (
				"${PODS_PODFILE_DIR_PATH}/Podfile.lock",
				"${PODS_ROOT}/Manifest.lock",
			);
			name = "[CP] Check Pods Manifest.lock";
			outputPaths = (
				"$(DERIVED_FILE_DIR)/Pods-DarkTests-checkManifestLockResult.txt",
			);
			runOnlyForDeploymentPostprocessing = 0;
			shellPath = /bin/sh;
			shellScript = "diff \"${PODS_PODFILE_DIR_PATH}/Podfile.lock\" \"${PODS_ROOT}/Manifest.lock\" > /dev/null\nif [ $? != 0 ] ; then\n    # print error to STDERR\n    echo \"error: The sandbox is not in sync with the Podfile.lock. Run 'pod install' or update your CocoaPods installation.\" >&2\n    exit 1\nfi\n# This output is used by Xcode 'outputs' to avoid re-running this script phase.\necho \"SUCCESS\" > \"${SCRIPT_OUTPUT_FILE_0}\"\n";
			showEnvVarsInLog = 0;
		};
		803BC7ACE6B219285C6DB511 /* [CP] Embed Pods Frameworks */ = {
			isa = PBXShellScriptBuildPhase;
			buildActionMask = 2147483647;
			files = (
			);
			inputPaths = (
			);
			name = "[CP] Embed Pods Frameworks";
			outputPaths = (
			);
			runOnlyForDeploymentPostprocessing = 0;
			shellPath = /bin/sh;
			shellScript = "\"${SRCROOT}/Pods/Target Support Files/Pods-DarkTests/Pods-DarkTests-frameworks.sh\"\n";
			showEnvVarsInLog = 0;
		};
		DE205F7A247230F75279E991 /* [CP] Copy Pods Resources */ = {
			isa = PBXShellScriptBuildPhase;
			buildActionMask = 2147483647;
			files = (
			);
			inputPaths = (
			);
			name = "[CP] Copy Pods Resources";
			outputPaths = (
			);
			runOnlyForDeploymentPostprocessing = 0;
			shellPath = /bin/sh;
			shellScript = "\"${SRCROOT}/Pods/Target Support Files/Pods-DarkTests/Pods-DarkTests-resources.sh\"\n";
			showEnvVarsInLog = 0;
		};
		FBBC5A55F2540D8004F8D776 /* [CP] Check Pods Manifest.lock */ = {
			isa = PBXShellScriptBuildPhase;
			buildActionMask = 2147483647;
			files = (
			);
			inputPaths = (
				"${PODS_PODFILE_DIR_PATH}/Podfile.lock",
				"${PODS_ROOT}/Manifest.lock",
			);
			name = "[CP] Check Pods Manifest.lock";
			outputPaths = (
				"$(DERIVED_FILE_DIR)/Pods-Dark-checkManifestLockResult.txt",
			);
			runOnlyForDeploymentPostprocessing = 0;
			shellPath = /bin/sh;
			shellScript = "diff \"${PODS_PODFILE_DIR_PATH}/Podfile.lock\" \"${PODS_ROOT}/Manifest.lock\" > /dev/null\nif [ $? != 0 ] ; then\n    # print error to STDERR\n    echo \"error: The sandbox is not in sync with the Podfile.lock. Run 'pod install' or update your CocoaPods installation.\" >&2\n    exit 1\nfi\n# This output is used by Xcode 'outputs' to avoid re-running this script phase.\necho \"SUCCESS\" > \"${SCRIPT_OUTPUT_FILE_0}\"\n";
			showEnvVarsInLog = 0;
		};
/* End PBXShellScriptBuildPhase section */

/* Begin PBXSourcesBuildPhase section */
		ED45FCFB1F86780B00747C07 /* Sources */ = {
			isa = PBXSourcesBuildPhase;
			buildActionMask = 2147483647;
			files = (
				EDA26D2E1FB8A9B00040F840 /* LogOut.swift in Sources */,
				EDA26D351FB8B7FC0040F840 /* Messages.swift in Sources */,
				ED3A924E1FB83C600094ABCB /* LoginUsingTwitter.swift in Sources */,
				ED7DE6771F8E23050060DE2B /* GradientView.swift in Sources */,
				ED3A92551FB8432E0094ABCB /* UserProfile.swift in Sources */,
				ED7350CC1FA1CA76002E3BDB /* DARKImagePickerViewController.swift in Sources */,
				EDA2CC8B1F869EDB0061B07B /* UserDetailsViewController.swift in Sources */,
				EDE08DEF1FA90ACF005D56FB /* ShadowView.swift in Sources */,
				EDE80E611F879E4D0051CED6 /* GFGeoHash.m in Sources */,
				EDE80E651F87AF470051CED6 /* UserViewController.swift in Sources */,
				EDE80E631F879E4D0051CED6 /* GFQuery.m in Sources */,
				EDBEB4621FA4AFD200C557C0 /* DARKCoder.swift in Sources */,
				EDA26D2B1FB8A6460040F840 /* UserToken.swift in Sources */,
				EDB7C2BE1FAC70F00073BB87 /* Mapdata.swift in Sources */,
				ED3A924C1FB83C520094ABCB /* LoginUsingFacebook.swift in Sources */,
				ED3A924A1FB83BC00094ABCB /* LoginOrSignUpEmail.swift in Sources */,
				EDA26D321FB8B4490040F840 /* PasswordManager.swift in Sources */,
				EDDD1DF91FAF0F7C00799A19 /* ImageCache.swift in Sources */,
				EDA26D301FB8AAFF0040F840 /* DeleteAccount.swift in Sources */,
				ED111C2D1F8EA690004AF0AB /* GlobalMethods.swift in Sources */,
				ED1739161F9A622B00053332 /* CustomSwitch.swift in Sources */,
				ED111C2B1F8E7AE3004AF0AB /* SegueAnimation.swift in Sources */,
				EDF97F081F88C885001F7023 /* ChatTableViewCell.swift in Sources */,
				ED7DE6781F8E23050060DE2B /* UILabelX.swift in Sources */,
				ED3A92531FB83F180094ABCB /* KeyChainManagement.swift in Sources */,
				ED1739181F9A6B5200053332 /* GMColor.swift in Sources */,
				ED45FD051F86780C00747C07 /* SignUp.swift in Sources */,
				ED45FD031F86780C00747C07 /* AppDelegate.swift in Sources */,
				EDBFE8361FA59AB8000AC57A /* Enumrations.swift in Sources */,
				EDE80E621F879E4D0051CED6 /* GFGeoHashQuery.m in Sources */,
				EDB7C2C01FAC73340073BB87 /* UserAnnotation.swift in Sources */,
				EDE80E671F87AFF70051CED6 /* UserCell.swift in Sources */,
				EDA2CC8E1F86AB730061B07B /* SignIn.swift in Sources */,
				ED69B0C11F88919F003B25A1 /* ConversationVC.swift in Sources */,
				EDF97F0A1F88D96F001F7023 /* MessageViewController.swift in Sources */,
				EDE08DED1FA85979005D56FB /* PopUp.swift in Sources */,
				EDE5914F1FAB2F8D003FC9EF /* TouchID.swift in Sources */,
				EDB73C9B1F98B5F50086F1C0 /* UserDataModel.swift in Sources */,
				ED69B0BF1F888E61003B25A1 /* PageViewController.swift in Sources */,
				EDA26D371FB8B84F0040F840 /* Conversation.swift in Sources */,
				EDBEB4641FA5067600C557C0 /* SettingsViewController.swift in Sources */,
				EDA26D391FB8BC450040F840 /* MessageStatus.swift in Sources */,
				EDE80E601F879E4D0051CED6 /* GFBase32Utils.m in Sources */,
				ED3A92571FB848220094ABCB /* UserWithCr.swift in Sources */,
				ED8E7A9C1F97C98800395D0A /* APIManager.swift in Sources */,
				EDE80E5F1F879E4D0051CED6 /* GeoFire.m in Sources */,
				ED3A92501FB83C6D0094ABCB /* LoginUsingGoogle.swift in Sources */,
				ED2258B31F8B4DAF00C1BCD6 /* Constants.swift in Sources */,
				EDB7C2BC1FAC5C230073BB87 /* MapViewController.swift in Sources */,
				ED3A92591FB85D400094ABCB /* User.swift in Sources */,
			);
			runOnlyForDeploymentPostprocessing = 0;
		};
		ED45FD0F1F86780C00747C07 /* Sources */ = {
			isa = PBXSourcesBuildPhase;
			buildActionMask = 2147483647;
			files = (
				ED45FD181F86780C00747C07 /* DarkTests.swift in Sources */,
			);
			runOnlyForDeploymentPostprocessing = 0;
		};
		ED45FD1A1F86780C00747C07 /* Sources */ = {
			isa = PBXSourcesBuildPhase;
			buildActionMask = 2147483647;
			files = (
				ED45FD231F86780C00747C07 /* DarkUITests.swift in Sources */,
			);
			runOnlyForDeploymentPostprocessing = 0;
		};
/* End PBXSourcesBuildPhase section */

/* Begin PBXTargetDependency section */
		ED45FD151F86780C00747C07 /* PBXTargetDependency */ = {
			isa = PBXTargetDependency;
			target = ED45FCFE1F86780B00747C07 /* Dark */;
			targetProxy = ED45FD141F86780C00747C07 /* PBXContainerItemProxy */;
		};
		ED45FD201F86780C00747C07 /* PBXTargetDependency */ = {
			isa = PBXTargetDependency;
			target = ED45FCFE1F86780B00747C07 /* Dark */;
			targetProxy = ED45FD1F1F86780C00747C07 /* PBXContainerItemProxy */;
		};
/* End PBXTargetDependency section */

/* Begin PBXVariantGroup section */
		ED45FD061F86780C00747C07 /* Main.storyboard */ = {
			isa = PBXVariantGroup;
			children = (
				ED45FD071F86780C00747C07 /* Base */,
			);
			name = Main.storyboard;
			sourceTree = "<group>";
		};
		ED45FD0B1F86780C00747C07 /* LaunchScreen.storyboard */ = {
			isa = PBXVariantGroup;
			children = (
				ED45FD0C1F86780C00747C07 /* Base */,
			);
			name = LaunchScreen.storyboard;
			sourceTree = "<group>";
		};
/* End PBXVariantGroup section */

/* Begin XCBuildConfiguration section */
		ED45FD251F86780C00747C07 /* Debug */ = {
			isa = XCBuildConfiguration;
			buildSettings = {
				ALWAYS_SEARCH_USER_PATHS = NO;
				CLANG_ANALYZER_NONNULL = YES;
				CLANG_ANALYZER_NUMBER_OBJECT_CONVERSION = YES_AGGRESSIVE;
				CLANG_CXX_LANGUAGE_STANDARD = "gnu++14";
				CLANG_CXX_LIBRARY = "libc++";
				CLANG_ENABLE_MODULES = YES;
				CLANG_ENABLE_OBJC_ARC = YES;
				CLANG_WARN_BLOCK_CAPTURE_AUTORELEASING = YES;
				CLANG_WARN_BOOL_CONVERSION = YES;
				CLANG_WARN_COMMA = YES;
				CLANG_WARN_CONSTANT_CONVERSION = YES;
				CLANG_WARN_DIRECT_OBJC_ISA_USAGE = YES_ERROR;
				CLANG_WARN_DOCUMENTATION_COMMENTS = YES;
				CLANG_WARN_EMPTY_BODY = YES;
				CLANG_WARN_ENUM_CONVERSION = YES;
				CLANG_WARN_INFINITE_RECURSION = YES;
				CLANG_WARN_INT_CONVERSION = YES;
				CLANG_WARN_NON_LITERAL_NULL_CONVERSION = YES;
				CLANG_WARN_OBJC_LITERAL_CONVERSION = YES;
				CLANG_WARN_OBJC_ROOT_CLASS = YES_ERROR;
				CLANG_WARN_RANGE_LOOP_ANALYSIS = YES;
				CLANG_WARN_STRICT_PROTOTYPES = YES;
				CLANG_WARN_SUSPICIOUS_MOVE = YES;
				CLANG_WARN_UNGUARDED_AVAILABILITY = YES_AGGRESSIVE;
				CLANG_WARN_UNREACHABLE_CODE = YES;
				CLANG_WARN__DUPLICATE_METHOD_MATCH = YES;
				CODE_SIGN_IDENTITY = "iPhone Developer";
				COPY_PHASE_STRIP = NO;
				DEBUG_INFORMATION_FORMAT = dwarf;
				ENABLE_STRICT_OBJC_MSGSEND = YES;
				ENABLE_TESTABILITY = YES;
				GCC_C_LANGUAGE_STANDARD = gnu11;
				GCC_DYNAMIC_NO_PIC = NO;
				GCC_NO_COMMON_BLOCKS = YES;
				GCC_OPTIMIZATION_LEVEL = 0;
				GCC_PREPROCESSOR_DEFINITIONS = (
					"DEBUG=1",
					"$(inherited)",
				);
				GCC_WARN_64_TO_32_BIT_CONVERSION = YES;
				GCC_WARN_ABOUT_RETURN_TYPE = YES_ERROR;
				GCC_WARN_UNDECLARED_SELECTOR = YES;
				GCC_WARN_UNINITIALIZED_AUTOS = YES_AGGRESSIVE;
				GCC_WARN_UNUSED_FUNCTION = YES;
				GCC_WARN_UNUSED_VARIABLE = YES;
				IPHONEOS_DEPLOYMENT_TARGET = 11.0;
				MTL_ENABLE_DEBUG_INFO = YES;
				ONLY_ACTIVE_ARCH = YES;
				SDKROOT = iphoneos;
				SWIFT_ACTIVE_COMPILATION_CONDITIONS = DEBUG;
				SWIFT_OPTIMIZATION_LEVEL = "-Onone";
			};
			name = Debug;
		};
		ED45FD261F86780C00747C07 /* Release */ = {
			isa = XCBuildConfiguration;
			buildSettings = {
				ALWAYS_SEARCH_USER_PATHS = NO;
				CLANG_ANALYZER_NONNULL = YES;
				CLANG_ANALYZER_NUMBER_OBJECT_CONVERSION = YES_AGGRESSIVE;
				CLANG_CXX_LANGUAGE_STANDARD = "gnu++14";
				CLANG_CXX_LIBRARY = "libc++";
				CLANG_ENABLE_MODULES = YES;
				CLANG_ENABLE_OBJC_ARC = YES;
				CLANG_WARN_BLOCK_CAPTURE_AUTORELEASING = YES;
				CLANG_WARN_BOOL_CONVERSION = YES;
				CLANG_WARN_COMMA = YES;
				CLANG_WARN_CONSTANT_CONVERSION = YES;
				CLANG_WARN_DIRECT_OBJC_ISA_USAGE = YES_ERROR;
				CLANG_WARN_DOCUMENTATION_COMMENTS = YES;
				CLANG_WARN_EMPTY_BODY = YES;
				CLANG_WARN_ENUM_CONVERSION = YES;
				CLANG_WARN_INFINITE_RECURSION = YES;
				CLANG_WARN_INT_CONVERSION = YES;
				CLANG_WARN_NON_LITERAL_NULL_CONVERSION = YES;
				CLANG_WARN_OBJC_LITERAL_CONVERSION = YES;
				CLANG_WARN_OBJC_ROOT_CLASS = YES_ERROR;
				CLANG_WARN_RANGE_LOOP_ANALYSIS = YES;
				CLANG_WARN_STRICT_PROTOTYPES = YES;
				CLANG_WARN_SUSPICIOUS_MOVE = YES;
				CLANG_WARN_UNGUARDED_AVAILABILITY = YES_AGGRESSIVE;
				CLANG_WARN_UNREACHABLE_CODE = YES;
				CLANG_WARN__DUPLICATE_METHOD_MATCH = YES;
				CODE_SIGN_IDENTITY = "iPhone Developer";
				COPY_PHASE_STRIP = NO;
				DEBUG_INFORMATION_FORMAT = "dwarf-with-dsym";
				ENABLE_NS_ASSERTIONS = NO;
				ENABLE_STRICT_OBJC_MSGSEND = YES;
				GCC_C_LANGUAGE_STANDARD = gnu11;
				GCC_NO_COMMON_BLOCKS = YES;
				GCC_WARN_64_TO_32_BIT_CONVERSION = YES;
				GCC_WARN_ABOUT_RETURN_TYPE = YES_ERROR;
				GCC_WARN_UNDECLARED_SELECTOR = YES;
				GCC_WARN_UNINITIALIZED_AUTOS = YES_AGGRESSIVE;
				GCC_WARN_UNUSED_FUNCTION = YES;
				GCC_WARN_UNUSED_VARIABLE = YES;
				IPHONEOS_DEPLOYMENT_TARGET = 11.0;
				MTL_ENABLE_DEBUG_INFO = NO;
				SDKROOT = iphoneos;
				SWIFT_OPTIMIZATION_LEVEL = "-Owholemodule";
				VALIDATE_PRODUCT = YES;
			};
			name = Release;
		};
		ED45FD281F86780C00747C07 /* Debug */ = {
			isa = XCBuildConfiguration;
			baseConfigurationReference = EACA08CA21DA93262D6E18A1 /* Pods-Dark.debug.xcconfig */;
			buildSettings = {
				ASSETCATALOG_COMPILER_APPICON_NAME = AppIcon;
				CLANG_ENABLE_MODULES = YES;
				CODE_SIGN_ENTITLEMENTS = Dark/Dark.entitlements;
				CODE_SIGN_STYLE = Automatic;
				DEVELOPMENT_TEAM = G5A2E3RMNX;
				INFOPLIST_FILE = Dark/Info.plist;
				LD_RUNPATH_SEARCH_PATHS = "$(inherited) @executable_path/Frameworks";
				PRODUCT_BUNDLE_IDENTIFIER = com.weza.Dark;
				PRODUCT_NAME = "$(TARGET_NAME)";
				SWIFT_OBJC_BRIDGING_HEADER = "Dark-Bridging-Header.h";
				SWIFT_OPTIMIZATION_LEVEL = "-Onone";
				SWIFT_VERSION = 4.0;
				TARGETED_DEVICE_FAMILY = "1,2";
			};
			name = Debug;
		};
		ED45FD291F86780C00747C07 /* Release */ = {
			isa = XCBuildConfiguration;
			baseConfigurationReference = 46771D590FDC0F277AF2A319 /* Pods-Dark.release.xcconfig */;
			buildSettings = {
				ASSETCATALOG_COMPILER_APPICON_NAME = AppIcon;
				CLANG_ENABLE_MODULES = YES;
				CODE_SIGN_ENTITLEMENTS = Dark/Dark.entitlements;
				CODE_SIGN_STYLE = Automatic;
				DEVELOPMENT_TEAM = G5A2E3RMNX;
				INFOPLIST_FILE = Dark/Info.plist;
				LD_RUNPATH_SEARCH_PATHS = "$(inherited) @executable_path/Frameworks";
				PRODUCT_BUNDLE_IDENTIFIER = com.weza.Dark;
				PRODUCT_NAME = "$(TARGET_NAME)";
				SWIFT_OBJC_BRIDGING_HEADER = "Dark-Bridging-Header.h";
				SWIFT_VERSION = 4.0;
				TARGETED_DEVICE_FAMILY = "1,2";
			};
			name = Release;
		};
		ED45FD2B1F86780C00747C07 /* Debug */ = {
			isa = XCBuildConfiguration;
			baseConfigurationReference = 9F87A40322F80A162439EB36 /* Pods-DarkTests.debug.xcconfig */;
			buildSettings = {
				ALWAYS_EMBED_SWIFT_STANDARD_LIBRARIES = YES;
				BUNDLE_LOADER = "$(TEST_HOST)";
				CODE_SIGN_STYLE = Automatic;
				DEVELOPMENT_TEAM = G5A2E3RMNX;
				INFOPLIST_FILE = DarkTests/Info.plist;
				LD_RUNPATH_SEARCH_PATHS = "$(inherited) @executable_path/Frameworks @loader_path/Frameworks";
				PRODUCT_BUNDLE_IDENTIFIER = com.weza.DarkTests;
				PRODUCT_NAME = "$(TARGET_NAME)";
				SWIFT_VERSION = 4.0;
				TARGETED_DEVICE_FAMILY = "1,2";
				TEST_HOST = "$(BUILT_PRODUCTS_DIR)/Dark.app/Dark";
			};
			name = Debug;
		};
		ED45FD2C1F86780C00747C07 /* Release */ = {
			isa = XCBuildConfiguration;
			baseConfigurationReference = 1638F89B6D3AE2F987EA89D6 /* Pods-DarkTests.release.xcconfig */;
			buildSettings = {
				ALWAYS_EMBED_SWIFT_STANDARD_LIBRARIES = YES;
				BUNDLE_LOADER = "$(TEST_HOST)";
				CODE_SIGN_STYLE = Automatic;
				DEVELOPMENT_TEAM = G5A2E3RMNX;
				INFOPLIST_FILE = DarkTests/Info.plist;
				LD_RUNPATH_SEARCH_PATHS = "$(inherited) @executable_path/Frameworks @loader_path/Frameworks";
				PRODUCT_BUNDLE_IDENTIFIER = com.weza.DarkTests;
				PRODUCT_NAME = "$(TARGET_NAME)";
				SWIFT_VERSION = 4.0;
				TARGETED_DEVICE_FAMILY = "1,2";
				TEST_HOST = "$(BUILT_PRODUCTS_DIR)/Dark.app/Dark";
			};
			name = Release;
		};
		ED45FD2E1F86780C00747C07 /* Debug */ = {
			isa = XCBuildConfiguration;
			baseConfigurationReference = A2C70541D5946EE747B66514 /* Pods-DarkUITests.debug.xcconfig */;
			buildSettings = {
				ALWAYS_EMBED_SWIFT_STANDARD_LIBRARIES = YES;
				CODE_SIGN_STYLE = Automatic;
				DEVELOPMENT_TEAM = G5A2E3RMNX;
				INFOPLIST_FILE = DarkUITests/Info.plist;
				LD_RUNPATH_SEARCH_PATHS = "$(inherited) @executable_path/Frameworks @loader_path/Frameworks";
				PRODUCT_BUNDLE_IDENTIFIER = com.weza.DarkUITests;
				PRODUCT_NAME = "$(TARGET_NAME)";
				SWIFT_VERSION = 4.0;
				TARGETED_DEVICE_FAMILY = "1,2";
				TEST_TARGET_NAME = Dark;
			};
			name = Debug;
		};
		ED45FD2F1F86780C00747C07 /* Release */ = {
			isa = XCBuildConfiguration;
			baseConfigurationReference = BF9F90D193FBB6A6256F7AB9 /* Pods-DarkUITests.release.xcconfig */;
			buildSettings = {
				ALWAYS_EMBED_SWIFT_STANDARD_LIBRARIES = YES;
				CODE_SIGN_STYLE = Automatic;
				DEVELOPMENT_TEAM = G5A2E3RMNX;
				INFOPLIST_FILE = DarkUITests/Info.plist;
				LD_RUNPATH_SEARCH_PATHS = "$(inherited) @executable_path/Frameworks @loader_path/Frameworks";
				PRODUCT_BUNDLE_IDENTIFIER = com.weza.DarkUITests;
				PRODUCT_NAME = "$(TARGET_NAME)";
				SWIFT_VERSION = 4.0;
				TARGETED_DEVICE_FAMILY = "1,2";
				TEST_TARGET_NAME = Dark;
			};
			name = Release;
		};
/* End XCBuildConfiguration section */

/* Begin XCConfigurationList section */
		ED45FCFA1F86780B00747C07 /* Build configuration list for PBXProject "Dark" */ = {
			isa = XCConfigurationList;
			buildConfigurations = (
				ED45FD251F86780C00747C07 /* Debug */,
				ED45FD261F86780C00747C07 /* Release */,
			);
			defaultConfigurationIsVisible = 0;
			defaultConfigurationName = Release;
		};
		ED45FD271F86780C00747C07 /* Build configuration list for PBXNativeTarget "Dark" */ = {
			isa = XCConfigurationList;
			buildConfigurations = (
				ED45FD281F86780C00747C07 /* Debug */,
				ED45FD291F86780C00747C07 /* Release */,
			);
			defaultConfigurationIsVisible = 0;
			defaultConfigurationName = Release;
		};
		ED45FD2A1F86780C00747C07 /* Build configuration list for PBXNativeTarget "DarkTests" */ = {
			isa = XCConfigurationList;
			buildConfigurations = (
				ED45FD2B1F86780C00747C07 /* Debug */,
				ED45FD2C1F86780C00747C07 /* Release */,
			);
			defaultConfigurationIsVisible = 0;
			defaultConfigurationName = Release;
		};
		ED45FD2D1F86780C00747C07 /* Build configuration list for PBXNativeTarget "DarkUITests" */ = {
			isa = XCConfigurationList;
			buildConfigurations = (
				ED45FD2E1F86780C00747C07 /* Debug */,
				ED45FD2F1F86780C00747C07 /* Release */,
			);
			defaultConfigurationIsVisible = 0;
			defaultConfigurationName = Release;
		};
/* End XCConfigurationList section */
	};
	rootObject = ED45FCF71F86780B00747C07 /* Project object */;
}
